// !$*UTF8*$!
{
	archiveVersion = 1;
	classes = {
	};
	objectVersion = 48;
	objects = {

/* Begin PBXBuildFile section */
		BBBB117FCD2158AA07711903 /* Pods_Go.framework in Frameworks */ = {isa = PBXBuildFile; fileRef = F26863C3F26F3765F40C3C4D /* Pods_Go.framework */; };
		BF8498412077CFC500570755 /* VideoShootViewController.swift in Sources */ = {isa = PBXBuildFile; fileRef = BF8498402077CFC500570755 /* VideoShootViewController.swift */; };
		BF8498462077E09E00570755 /* VideoCaptureView.swift in Sources */ = {isa = PBXBuildFile; fileRef = BF8498452077E09E00570755 /* VideoCaptureView.swift */; };
		BF8498482077E4C400570755 /* CameraButton.swift in Sources */ = {isa = PBXBuildFile; fileRef = BF8498472077E4C400570755 /* CameraButton.swift */; };
		BF84984B2077EDC300570755 /* Date+Shared.swift in Sources */ = {isa = PBXBuildFile; fileRef = BF84984A2077EDC300570755 /* Date+Shared.swift */; };
		BF84984D2078006300570755 /* VideoPlayerView.swift in Sources */ = {isa = PBXBuildFile; fileRef = BF84984C2078006300570755 /* VideoPlayerView.swift */; };
		BF84984F207800D900570755 /* VideoPlayBackViewController.swift in Sources */ = {isa = PBXBuildFile; fileRef = BF84984E207800D900570755 /* VideoPlayBackViewController.swift */; };
		BF8498512078252000570755 /* ProgressView.swift in Sources */ = {isa = PBXBuildFile; fileRef = BF8498502078251F00570755 /* ProgressView.swift */; };
		BF849853207845B800570755 /* SwitchCamButton.swift in Sources */ = {isa = PBXBuildFile; fileRef = BF849852207845B800570755 /* SwitchCamButton.swift */; };
		BF84985720786B0900570755 /* ExitButton.swift in Sources */ = {isa = PBXBuildFile; fileRef = BF84985620786B0900570755 /* ExitButton.swift */; };
		BF8498592078700B00570755 /* SaveMovieButton.swift in Sources */ = {isa = PBXBuildFile; fileRef = BF8498582078700B00570755 /* SaveMovieButton.swift */; };
		F6389C422059E13C00990A5A /* AppDelegate.swift in Sources */ = {isa = PBXBuildFile; fileRef = F6389C412059E13C00990A5A /* AppDelegate.swift */; };
		F6389C492059E13C00990A5A /* Assets.xcassets in Resources */ = {isa = PBXBuildFile; fileRef = F6389C482059E13C00990A5A /* Assets.xcassets */; };
/* End PBXBuildFile section */

/* Begin PBXFileReference section */
		939FDF78333C470FB1DAE2A1 /* Pods-Go.debug.xcconfig */ = {isa = PBXFileReference; includeInIndex = 1; lastKnownFileType = text.xcconfig; name = "Pods-Go.debug.xcconfig"; path = "Pods/Target Support Files/Pods-Go/Pods-Go.debug.xcconfig"; sourceTree = "<group>"; };
		BF8498402077CFC500570755 /* VideoShootViewController.swift */ = {isa = PBXFileReference; lastKnownFileType = sourcecode.swift; path = VideoShootViewController.swift; sourceTree = "<group>"; };
		BF8498452077E09E00570755 /* VideoCaptureView.swift */ = {isa = PBXFileReference; lastKnownFileType = sourcecode.swift; path = VideoCaptureView.swift; sourceTree = "<group>"; };
		BF8498472077E4C400570755 /* CameraButton.swift */ = {isa = PBXFileReference; lastKnownFileType = sourcecode.swift; path = CameraButton.swift; sourceTree = "<group>"; };
		BF84984A2077EDC300570755 /* Date+Shared.swift */ = {isa = PBXFileReference; fileEncoding = 4; lastKnownFileType = sourcecode.swift; path = "Date+Shared.swift"; sourceTree = "<group>"; };
		BF84984C2078006300570755 /* VideoPlayerView.swift */ = {isa = PBXFileReference; lastKnownFileType = sourcecode.swift; path = VideoPlayerView.swift; sourceTree = "<group>"; };
		BF84984E207800D900570755 /* VideoPlayBackViewController.swift */ = {isa = PBXFileReference; lastKnownFileType = sourcecode.swift; path = VideoPlayBackViewController.swift; sourceTree = "<group>"; };
		BF8498502078251F00570755 /* ProgressView.swift */ = {isa = PBXFileReference; lastKnownFileType = sourcecode.swift; path = ProgressView.swift; sourceTree = "<group>"; };
		BF849852207845B800570755 /* SwitchCamButton.swift */ = {isa = PBXFileReference; lastKnownFileType = sourcecode.swift; path = SwitchCamButton.swift; sourceTree = "<group>"; };
		BF84985620786B0900570755 /* ExitButton.swift */ = {isa = PBXFileReference; lastKnownFileType = sourcecode.swift; path = ExitButton.swift; sourceTree = "<group>"; };
		BF8498582078700B00570755 /* SaveMovieButton.swift */ = {isa = PBXFileReference; lastKnownFileType = sourcecode.swift; path = SaveMovieButton.swift; sourceTree = "<group>"; };
		D5C9C8E9C7542C6EFCD994F2 /* Pods-Go.release.xcconfig */ = {isa = PBXFileReference; includeInIndex = 1; lastKnownFileType = text.xcconfig; name = "Pods-Go.release.xcconfig"; path = "Pods/Target Support Files/Pods-Go/Pods-Go.release.xcconfig"; sourceTree = "<group>"; };
		F26863C3F26F3765F40C3C4D /* Pods_Go.framework */ = {isa = PBXFileReference; explicitFileType = wrapper.framework; includeInIndex = 0; path = Pods_Go.framework; sourceTree = BUILT_PRODUCTS_DIR; };
		F6389C3E2059E13C00990A5A /* Go.app */ = {isa = PBXFileReference; explicitFileType = wrapper.application; includeInIndex = 0; path = Go.app; sourceTree = BUILT_PRODUCTS_DIR; };
		F6389C412059E13C00990A5A /* AppDelegate.swift */ = {isa = PBXFileReference; lastKnownFileType = sourcecode.swift; path = AppDelegate.swift; sourceTree = "<group>"; };
		F6389C482059E13C00990A5A /* Assets.xcassets */ = {isa = PBXFileReference; lastKnownFileType = folder.assetcatalog; path = Assets.xcassets; sourceTree = "<group>"; };
		F6389C4D2059E13D00990A5A /* Info.plist */ = {isa = PBXFileReference; lastKnownFileType = text.plist.xml; path = Info.plist; sourceTree = "<group>"; };
/* End PBXFileReference section */

/* Begin PBXFrameworksBuildPhase section */
		F6389C3B2059E13C00990A5A /* Frameworks */ = {
			isa = PBXFrameworksBuildPhase;
			buildActionMask = 2147483647;
			files = (
				BBBB117FCD2158AA07711903 /* Pods_Go.framework in Frameworks */,
			);
			runOnlyForDeploymentPostprocessing = 0;
		};
/* End PBXFrameworksBuildPhase section */

/* Begin PBXGroup section */
		4D9F3FE253A8D6F4E58D780F /* Frameworks */ = {
			isa = PBXGroup;
			children = (
				F26863C3F26F3765F40C3C4D /* Pods_Go.framework */,
			);
			name = Frameworks;
			sourceTree = "<group>";
		};
		9646682F95689E761880EAD5 /* Pods */ = {
			isa = PBXGroup;
			children = (
				939FDF78333C470FB1DAE2A1 /* Pods-Go.debug.xcconfig */,
				D5C9C8E9C7542C6EFCD994F2 /* Pods-Go.release.xcconfig */,
			);
			name = Pods;
			sourceTree = "<group>";
		};
		BF8498362077CE8400570755 /* Controllers */ = {
			isa = PBXGroup;
			children = (
				BF8498402077CFC500570755 /* VideoShootViewController.swift */,
				BF84984E207800D900570755 /* VideoPlayBackViewController.swift */,
			);
			path = Controllers;
			sourceTree = "<group>";
		};
		BF84983F2077CE9700570755 /* Views */ = {
			isa = PBXGroup;
			children = (
				BF8498442077E08200570755 /* Components */,
			);
			path = Views;
			sourceTree = "<group>";
		};
		BF8498442077E08200570755 /* Components */ = {
			isa = PBXGroup;
			children = (
				BF8498452077E09E00570755 /* VideoCaptureView.swift */,
				BF8498502078251F00570755 /* ProgressView.swift */,
				BF8498472077E4C400570755 /* CameraButton.swift */,
				BF849852207845B800570755 /* SwitchCamButton.swift */,
				BF84984C2078006300570755 /* VideoPlayerView.swift */,
				BF84985620786B0900570755 /* ExitButton.swift */,
				BF8498582078700B00570755 /* SaveMovieButton.swift */,
			);
			path = Components;
			sourceTree = "<group>";
		};
		BF8498492077EDC300570755 /* Extensions */ = {
			isa = PBXGroup;
			children = (
				BF84984A2077EDC300570755 /* Date+Shared.swift */,
			);
			path = Extensions;
			sourceTree = "<group>";
		};
		F6389C352059E13C00990A5A = {
			isa = PBXGroup;
			children = (
				F6389C402059E13C00990A5A /* Go */,
				F6389C3F2059E13C00990A5A /* Products */,
				9646682F95689E761880EAD5 /* Pods */,
				4D9F3FE253A8D6F4E58D780F /* Frameworks */,
			);
			sourceTree = "<group>";
		};
		F6389C3F2059E13C00990A5A /* Products */ = {
			isa = PBXGroup;
			children = (
				F6389C3E2059E13C00990A5A /* Go.app */,
			);
			name = Products;
			sourceTree = "<group>";
		};
		F6389C402059E13C00990A5A /* Go */ = {
			isa = PBXGroup;
			children = (
				BF8498492077EDC300570755 /* Extensions */,
				BF8498362077CE8400570755 /* Controllers */,
				BF84983F2077CE9700570755 /* Views */,
				F6389C412059E13C00990A5A /* AppDelegate.swift */,
				F6389C482059E13C00990A5A /* Assets.xcassets */,
				F6389C4D2059E13D00990A5A /* Info.plist */,
			);
			path = Go;
			sourceTree = "<group>";
		};
/* End PBXGroup section */

/* Begin PBXNativeTarget section */
		F6389C3D2059E13C00990A5A /* Go */ = {
			isa = PBXNativeTarget;
			buildConfigurationList = F6389C502059E13D00990A5A /* Build configuration list for PBXNativeTarget "Go" */;
			buildPhases = (
				2295979192B2A8A50F1BFB4E /* [CP] Check Pods Manifest.lock */,
				F6389C3A2059E13C00990A5A /* Sources */,
				F6389C3B2059E13C00990A5A /* Frameworks */,
				F6389C3C2059E13C00990A5A /* Resources */,
				DAE3838AFDE377122CD4204A /* [CP] Embed Pods Frameworks */,
				37572B521836381BACA8C2E4 /* [CP] Copy Pods Resources */,
			);
			buildRules = (
			);
			dependencies = (
			);
			name = Go;
			productName = Go;
			productReference = F6389C3E2059E13C00990A5A /* Go.app */;
			productType = "com.apple.product-type.application";
		};
/* End PBXNativeTarget section */

/* Begin PBXProject section */
		F6389C362059E13C00990A5A /* Project object */ = {
			isa = PBXProject;
			attributes = {
				LastSwiftUpdateCheck = 0920;
				LastUpgradeCheck = 0920;
				ORGANIZATIONNAME = "Chris Mauldin";
				TargetAttributes = {
					F6389C3D2059E13C00990A5A = {
						CreatedOnToolsVersion = 9.2;
						ProvisioningStyle = Automatic;
					};
				};
			};
			buildConfigurationList = F6389C392059E13C00990A5A /* Build configuration list for PBXProject "Go" */;
			compatibilityVersion = "Xcode 8.0";
			developmentRegion = en;
			hasScannedForEncodings = 0;
			knownRegions = (
				en,
				Base,
			);
			mainGroup = F6389C352059E13C00990A5A;
			productRefGroup = F6389C3F2059E13C00990A5A /* Products */;
			projectDirPath = "";
			projectRoot = "";
			targets = (
				F6389C3D2059E13C00990A5A /* Go */,
			);
		};
/* End PBXProject section */

/* Begin PBXResourcesBuildPhase section */
		F6389C3C2059E13C00990A5A /* Resources */ = {
			isa = PBXResourcesBuildPhase;
			buildActionMask = 2147483647;
			files = (
				F6389C492059E13C00990A5A /* Assets.xcassets in Resources */,
			);
			runOnlyForDeploymentPostprocessing = 0;
		};
/* End PBXResourcesBuildPhase section */

/* Begin PBXShellScriptBuildPhase section */
		2295979192B2A8A50F1BFB4E /* [CP] Check Pods Manifest.lock */ = {
			isa = PBXShellScriptBuildPhase;
			buildActionMask = 2147483647;
			files = (
			);
			inputPaths = (
				"${PODS_PODFILE_DIR_PATH}/Podfile.lock",
				"${PODS_ROOT}/Manifest.lock",
			);
			name = "[CP] Check Pods Manifest.lock";
			outputPaths = (
				"$(DERIVED_FILE_DIR)/Pods-Go-checkManifestLockResult.txt",
			);
			runOnlyForDeploymentPostprocessing = 0;
			shellPath = /bin/sh;
			shellScript = "diff \"${PODS_PODFILE_DIR_PATH}/Podfile.lock\" \"${PODS_ROOT}/Manifest.lock\" > /dev/null\nif [ $? != 0 ] ; then\n    # print error to STDERR\n    echo \"error: The sandbox is not in sync with the Podfile.lock. Run 'pod install' or update your CocoaPods installation.\" >&2\n    exit 1\nfi\n# This output is used by Xcode 'outputs' to avoid re-running this script phase.\necho \"SUCCESS\" > \"${SCRIPT_OUTPUT_FILE_0}\"\n";
			showEnvVarsInLog = 0;
		};
		37572B521836381BACA8C2E4 /* [CP] Copy Pods Resources */ = {
			isa = PBXShellScriptBuildPhase;
			buildActionMask = 2147483647;
			files = (
			);
			inputPaths = (
			);
			name = "[CP] Copy Pods Resources";
			outputPaths = (
			);
			runOnlyForDeploymentPostprocessing = 0;
			shellPath = /bin/sh;
			shellScript = "\"${SRCROOT}/Pods/Target Support Files/Pods-Go/Pods-Go-resources.sh\"\n";
			showEnvVarsInLog = 0;
		};
		DAE3838AFDE377122CD4204A /* [CP] Embed Pods Frameworks */ = {
			isa = PBXShellScriptBuildPhase;
			buildActionMask = 2147483647;
			files = (
			);
			inputPaths = (
				"${SRCROOT}/Pods/Target Support Files/Pods-Go/Pods-Go-frameworks.sh",
				"${BUILT_PRODUCTS_DIR}/SnapKit/SnapKit.framework",
			);
			name = "[CP] Embed Pods Frameworks";
			outputPaths = (
				"${TARGET_BUILD_DIR}/${FRAMEWORKS_FOLDER_PATH}/SnapKit.framework",
			);
			runOnlyForDeploymentPostprocessing = 0;
			shellPath = /bin/sh;
			shellScript = "\"${SRCROOT}/Pods/Target Support Files/Pods-Go/Pods-Go-frameworks.sh\"\n";
			showEnvVarsInLog = 0;
		};
/* End PBXShellScriptBuildPhase section */

/* Begin PBXSourcesBuildPhase section */
		F6389C3A2059E13C00990A5A /* Sources */ = {
			isa = PBXSourcesBuildPhase;
			buildActionMask = 2147483647;
			files = (
				BF8498462077E09E00570755 /* VideoCaptureView.swift in Sources */,
				BF8498592078700B00570755 /* SaveMovieButton.swift in Sources */,
				BF84984F207800D900570755 /* VideoPlayBackViewController.swift in Sources */,
				BF84984B2077EDC300570755 /* Date+Shared.swift in Sources */,
				BF8498412077CFC500570755 /* VideoShootViewController.swift in Sources */,
				BF849853207845B800570755 /* SwitchCamButton.swift in Sources */,
				BF84985720786B0900570755 /* ExitButton.swift in Sources */,
				BF8498482077E4C400570755 /* CameraButton.swift in Sources */,
				BF8498512078252000570755 /* ProgressView.swift in Sources */,
				F6389C422059E13C00990A5A /* AppDelegate.swift in Sources */,
				BF84984D2078006300570755 /* VideoPlayerView.swift in Sources */,
			);
			runOnlyForDeploymentPostprocessing = 0;
		};
/* End PBXSourcesBuildPhase section */

/* Begin XCBuildConfiguration section */
		F6389C4E2059E13D00990A5A /* Debug */ = {
			isa = XCBuildConfiguration;
			buildSettings = {
				ALWAYS_SEARCH_USER_PATHS = NO;
				CLANG_ANALYZER_NONNULL = YES;
				CLANG_ANALYZER_NUMBER_OBJECT_CONVERSION = YES_AGGRESSIVE;
				CLANG_CXX_LANGUAGE_STANDARD = "gnu++14";
				CLANG_CXX_LIBRARY = "libc++";
				CLANG_ENABLE_MODULES = YES;
				CLANG_ENABLE_OBJC_ARC = YES;
				CLANG_WARN_BLOCK_CAPTURE_AUTORELEASING = YES;
				CLANG_WARN_BOOL_CONVERSION = YES;
				CLANG_WARN_COMMA = YES;
				CLANG_WARN_CONSTANT_CONVERSION = YES;
				CLANG_WARN_DIRECT_OBJC_ISA_USAGE = YES_ERROR;
				CLANG_WARN_DOCUMENTATION_COMMENTS = YES;
				CLANG_WARN_EMPTY_BODY = YES;
				CLANG_WARN_ENUM_CONVERSION = YES;
				CLANG_WARN_INFINITE_RECURSION = YES;
				CLANG_WARN_INT_CONVERSION = YES;
				CLANG_WARN_NON_LITERAL_NULL_CONVERSION = YES;
				CLANG_WARN_OBJC_LITERAL_CONVERSION = YES;
				CLANG_WARN_OBJC_ROOT_CLASS = YES_ERROR;
				CLANG_WARN_RANGE_LOOP_ANALYSIS = YES;
				CLANG_WARN_STRICT_PROTOTYPES = YES;
				CLANG_WARN_SUSPICIOUS_MOVE = YES;
				CLANG_WARN_UNGUARDED_AVAILABILITY = YES_AGGRESSIVE;
				CLANG_WARN_UNREACHABLE_CODE = YES;
				CLANG_WARN__DUPLICATE_METHOD_MATCH = YES;
				CODE_SIGN_IDENTITY = "iPhone Developer";
				COPY_PHASE_STRIP = NO;
				DEBUG_INFORMATION_FORMAT = dwarf;
				ENABLE_STRICT_OBJC_MSGSEND = YES;
				ENABLE_TESTABILITY = YES;
				GCC_C_LANGUAGE_STANDARD = gnu11;
				GCC_DYNAMIC_NO_PIC = NO;
				GCC_NO_COMMON_BLOCKS = YES;
				GCC_OPTIMIZATION_LEVEL = 0;
				GCC_PREPROCESSOR_DEFINITIONS = (
					"DEBUG=1",
					"$(inherited)",
				);
				GCC_WARN_64_TO_32_BIT_CONVERSION = YES;
				GCC_WARN_ABOUT_RETURN_TYPE = YES_ERROR;
				GCC_WARN_UNDECLARED_SELECTOR = YES;
				GCC_WARN_UNINITIALIZED_AUTOS = YES_AGGRESSIVE;
				GCC_WARN_UNUSED_FUNCTION = YES;
				GCC_WARN_UNUSED_VARIABLE = YES;
				IPHONEOS_DEPLOYMENT_TARGET = 11.2;
				MTL_ENABLE_DEBUG_INFO = YES;
				ONLY_ACTIVE_ARCH = YES;
				SDKROOT = iphoneos;
				SWIFT_ACTIVE_COMPILATION_CONDITIONS = DEBUG;
				SWIFT_OPTIMIZATION_LEVEL = "-Onone";
			};
			name = Debug;
		};
		F6389C4F2059E13D00990A5A /* Release */ = {
			isa = XCBuildConfiguration;
			buildSettings = {
				ALWAYS_SEARCH_USER_PATHS = NO;
				CLANG_ANALYZER_NONNULL = YES;
				CLANG_ANALYZER_NUMBER_OBJECT_CONVERSION = YES_AGGRESSIVE;
				CLANG_CXX_LANGUAGE_STANDARD = "gnu++14";
				CLANG_CXX_LIBRARY = "libc++";
				CLANG_ENABLE_MODULES = YES;
				CLANG_ENABLE_OBJC_ARC = YES;
				CLANG_WARN_BLOCK_CAPTURE_AUTORELEASING = YES;
				CLANG_WARN_BOOL_CONVERSION = YES;
				CLANG_WARN_COMMA = YES;
				CLANG_WARN_CONSTANT_CONVERSION = YES;
				CLANG_WARN_DIRECT_OBJC_ISA_USAGE = YES_ERROR;
				CLANG_WARN_DOCUMENTATION_COMMENTS = YES;
				CLANG_WARN_EMPTY_BODY = YES;
				CLANG_WARN_ENUM_CONVERSION = YES;
				CLANG_WARN_INFINITE_RECURSION = YES;
				CLANG_WARN_INT_CONVERSION = YES;
				CLANG_WARN_NON_LITERAL_NULL_CONVERSION = YES;
				CLANG_WARN_OBJC_LITERAL_CONVERSION = YES;
				CLANG_WARN_OBJC_ROOT_CLASS = YES_ERROR;
				CLANG_WARN_RANGE_LOOP_ANALYSIS = YES;
				CLANG_WARN_STRICT_PROTOTYPES = YES;
				CLANG_WARN_SUSPICIOUS_MOVE = YES;
				CLANG_WARN_UNGUARDED_AVAILABILITY = YES_AGGRESSIVE;
				CLANG_WARN_UNREACHABLE_CODE = YES;
				CLANG_WARN__DUPLICATE_METHOD_MATCH = YES;
				CODE_SIGN_IDENTITY = "iPhone Developer";
				COPY_PHASE_STRIP = NO;
				DEBUG_INFORMATION_FORMAT = "dwarf-with-dsym";
				ENABLE_NS_ASSERTIONS = NO;
				ENABLE_STRICT_OBJC_MSGSEND = YES;
				GCC_C_LANGUAGE_STANDARD = gnu11;
				GCC_NO_COMMON_BLOCKS = YES;
				GCC_WARN_64_TO_32_BIT_CONVERSION = YES;
				GCC_WARN_ABOUT_RETURN_TYPE = YES_ERROR;
				GCC_WARN_UNDECLARED_SELECTOR = YES;
				GCC_WARN_UNINITIALIZED_AUTOS = YES_AGGRESSIVE;
				GCC_WARN_UNUSED_FUNCTION = YES;
				GCC_WARN_UNUSED_VARIABLE = YES;
				IPHONEOS_DEPLOYMENT_TARGET = 11.2;
				MTL_ENABLE_DEBUG_INFO = NO;
				SDKROOT = iphoneos;
				SWIFT_OPTIMIZATION_LEVEL = "-Owholemodule";
				VALIDATE_PRODUCT = YES;
			};
			name = Release;
		};
		F6389C512059E13D00990A5A /* Debug */ = {
			isa = XCBuildConfiguration;
			baseConfigurationReference = 939FDF78333C470FB1DAE2A1 /* Pods-Go.debug.xcconfig */;
			buildSettings = {
				ASSETCATALOG_COMPILER_APPICON_NAME = AppIcon;
				CODE_SIGN_STYLE = Automatic;
				DEVELOPMENT_TEAM = CGUE68EN3T;
				INFOPLIST_FILE = Go/Info.plist;
				LD_RUNPATH_SEARCH_PATHS = "$(inherited) @executable_path/Frameworks";
				PRODUCT_BUNDLE_IDENTIFIER = "e-bushi.Go";
				PRODUCT_NAME = "$(TARGET_NAME)";
				SWIFT_VERSION = 4.0;
				TARGETED_DEVICE_FAMILY = "1,2";
			};
			name = Debug;
		};
		F6389C522059E13D00990A5A /* Release */ = {
			isa = XCBuildConfiguration;
			baseConfigurationReference = D5C9C8E9C7542C6EFCD994F2 /* Pods-Go.release.xcconfig */;
			buildSettings = {
				ASSETCATALOG_COMPILER_APPICON_NAME = AppIcon;
				CODE_SIGN_STYLE = Automatic;
				DEVELOPMENT_TEAM = CGUE68EN3T;
				INFOPLIST_FILE = Go/Info.plist;
				LD_RUNPATH_SEARCH_PATHS = "$(inherited) @executable_path/Frameworks";
				PRODUCT_BUNDLE_IDENTIFIER = "e-bushi.Go";
				PRODUCT_NAME = "$(TARGET_NAME)";
				SWIFT_VERSION = 4.0;
				TARGETED_DEVICE_FAMILY = "1,2";
			};
			name = Release;
		};
/* End XCBuildConfiguration section */

/* Begin XCConfigurationList section */
		F6389C392059E13C00990A5A /* Build configuration list for PBXProject "Go" */ = {
			isa = XCConfigurationList;
			buildConfigurations = (
				F6389C4E2059E13D00990A5A /* Debug */,
				F6389C4F2059E13D00990A5A /* Release */,
			);
			defaultConfigurationIsVisible = 0;
			defaultConfigurationName = Release;
		};
		F6389C502059E13D00990A5A /* Build configuration list for PBXNativeTarget "Go" */ = {
			isa = XCConfigurationList;
			buildConfigurations = (
				F6389C512059E13D00990A5A /* Debug */,
				F6389C522059E13D00990A5A /* Release */,
			);
			defaultConfigurationIsVisible = 0;
			defaultConfigurationName = Release;
		};
/* End XCConfigurationList section */
	};
	rootObject = F6389C362059E13C00990A5A /* Project object */;
}
